
Microsoft Visual Studio Solution File, Format Version 12.00
# Visual Studio Version 16
VisualStudioVersion = 16.0.29424.173
MinimumVisualStudioVersion = 10.0.40219.1
Project("{FAE04EC0-301F-11D3-BF4B-00C04F79EFBC}") = "Product API", "Product API\Product API.csproj", "{3C43F02C-815E-4B4B-8D8D-A7FEA7FDF569}"
EndProject
Project("{FAE04EC0-301F-11D3-BF4B-00C04F79EFBC}") = "ProductDataAccess", "ProductDataAccess\ProductDataAccess.csproj", "{8593DC7E-71CD-4211-8408-30A77456D231}"
EndProject
Global
	GlobalSection(SolutionConfigurationPlatforms) = preSolution
		Debug|Any CPU = Debug|Any CPU
		Release|Any CPU = Release|Any CPU
	EndGlobalSection
	GlobalSection(ProjectConfigurationPlatforms) = postSolution
		{3C43F02C-815E-4B4B-8D8D-A7FEA7FDF569}.Debug|Any CPU.ActiveCfg = Debug|Any CPU
		{3C43F02C-815E-4B4B-8D8D-A7FEA7FDF569}.Debug|Any CPU.Build.0 = Debug|Any CPU
		{3C43F02C-815E-4B4B-8D8D-A7FEA7FDF569}.Release|Any CPU.ActiveCfg = Release|Any CPU
		{3C43F02C-815E-4B4B-8D8D-A7FEA7FDF569}.Release|Any CPU.Build.0 = Release|Any CPU
		{8593DC7E-71CD-4211-8408-30A77456D231}.Debug|Any CPU.ActiveCfg = Debug|Any CPU
		{8593DC7E-71CD-4211-8408-30A77456D231}.Debug|Any CPU.Build.0 = Debug|Any CPU
		{8593DC7E-71CD-4211-8408-30A77456D231}.Release|Any CPU.ActiveCfg = Release|Any CPU
		{8593DC7E-71CD-4211-8408-30A77456D231}.Release|Any CPU.Build.0 = Release|Any CPU
	EndGlobalSection
	GlobalSection(SolutionProperties) = preSolution
		HideSolutionNode = FALSE
	EndGlobalSection
	GlobalSection(ExtensibilityGlobals) = postSolution
		SolutionGuid = {7ADFB4B7-794B-4A2E-9173-F8AE4541F844}
	EndGlobalSection
EndGlobal
